
Microsoft Visual Studio Solution File, Format Version 12.00
# Visual Studio Version 16
VisualStudioVersion = 16.0.28729.10
MinimumVisualStudioVersion = 10.0.40219.1
Project("{8BC9CEB8-8B4A-11D0-8D11-00A0C91BC942}") = "plainTorch", "plainTorch.vcxproj", "{38D5A977-2D20-4ADF-AB92-136D10582FCA}"
EndProject
Global
	GlobalSection(SolutionConfigurationPlatforms) = preSolution
		Debug|x64 = Debug|x64
		Debug|x86 = Debug|x86
		Release|x64 = Release|x64
		Release|x86 = Release|x86
	EndGlobalSection
	GlobalSection(ProjectConfigurationPlatforms) = postSolution
		{38D5A977-2D20-4ADF-AB92-136D10582FCA}.Debug|x64.ActiveCfg = Debug|x64
		{38D5A977-2D20-4ADF-AB92-136D10582FCA}.Debug|x64.Build.0 = Debug|x64
		{38D5A977-2D20-4ADF-AB92-136D10582FCA}.Debug|x86.ActiveCfg = Debug|Win32
		{38D5A977-2D20-4ADF-AB92-136D10582FCA}.Debug|x86.Build.0 = Debug|Win32
		{38D5A977-2D20-4ADF-AB92-136D10582FCA}.Release|x64.ActiveCfg = Release|x64
		{38D5A977-2D20-4ADF-AB92-136D10582FCA}.Release|x64.Build.0 = Release|x64
		{38D5A977-2D20-4ADF-AB92-136D10582FCA}.Release|x86.ActiveCfg = Release|Win32
		{38D5A977-2D20-4ADF-AB92-136D10582FCA}.Release|x86.Build.0 = Release|Win32
	EndGlobalSection
	GlobalSection(SolutionProperties) = preSolution
		HideSolutionNode = FALSE
	EndGlobalSection
	GlobalSection(ExtensibilityGlobals) = postSolution
		SolutionGuid = {2B2EE381-35E7-46F4-854E-F8C17A2AAFD8}
	EndGlobalSection
EndGlobal
