Microsoft Visual Studio Solution File, Format Version 12.00
# Visual Studio 16
Project("{8BC9CEB8-8B4A-11D0-8D11-00A0C91BC942}") = "ALL_BUILD", "ALL_BUILD.vcxproj", "{5EDA2FA8-B452-3AEF-B94A-7D21422EB004}"
	ProjectSection(ProjectDependencies) = postProject
		{773B50D1-1A36-3345-9CCB-61B7EC765392} = {773B50D1-1A36-3345-9CCB-61B7EC765392}
		{68BD2084-3A2F-3CE5-B733-1CA183FCB210} = {68BD2084-3A2F-3CE5-B733-1CA183FCB210}
	EndProjectSection
EndProject
Project("{8BC9CEB8-8B4A-11D0-8D11-00A0C91BC942}") = "CMakeProject", "CMakeProject.vcxproj", "{773B50D1-1A36-3345-9CCB-61B7EC765392}"
	ProjectSection(ProjectDependencies) = postProject
		{68BD2084-3A2F-3CE5-B733-1CA183FCB210} = {68BD2084-3A2F-3CE5-B733-1CA183FCB210}
	EndProjectSection
EndProject
Project("{8BC9CEB8-8B4A-11D0-8D11-00A0C91BC942}") = "ZERO_CHECK", "ZERO_CHECK.vcxproj", "{68BD2084-3A2F-3CE5-B733-1CA183FCB210}"
	ProjectSection(ProjectDependencies) = postProject
	EndProjectSection
EndProject
Global
	GlobalSection(SolutionConfigurationPlatforms) = preSolution
		Debug|x64 = Debug|x64
		Release|x64 = Release|x64
		MinSizeRel|x64 = MinSizeRel|x64
		RelWithDebInfo|x64 = RelWithDebInfo|x64
	EndGlobalSection
	GlobalSection(ProjectConfigurationPlatforms) = postSolution
		{5EDA2FA8-B452-3AEF-B94A-7D21422EB004}.Debug|x64.ActiveCfg = Debug|x64
		{5EDA2FA8-B452-3AEF-B94A-7D21422EB004}.Release|x64.ActiveCfg = Release|x64
		{5EDA2FA8-B452-3AEF-B94A-7D21422EB004}.MinSizeRel|x64.ActiveCfg = MinSizeRel|x64
		{5EDA2FA8-B452-3AEF-B94A-7D21422EB004}.RelWithDebInfo|x64.ActiveCfg = RelWithDebInfo|x64
		{773B50D1-1A36-3345-9CCB-61B7EC765392}.Debug|x64.ActiveCfg = Debug|x64
		{773B50D1-1A36-3345-9CCB-61B7EC765392}.Debug|x64.Build.0 = Debug|x64
		{773B50D1-1A36-3345-9CCB-61B7EC765392}.Release|x64.ActiveCfg = Release|x64
		{773B50D1-1A36-3345-9CCB-61B7EC765392}.Release|x64.Build.0 = Release|x64
		{773B50D1-1A36-3345-9CCB-61B7EC765392}.MinSizeRel|x64.ActiveCfg = MinSizeRel|x64
		{773B50D1-1A36-3345-9CCB-61B7EC765392}.MinSizeRel|x64.Build.0 = MinSizeRel|x64
		{773B50D1-1A36-3345-9CCB-61B7EC765392}.RelWithDebInfo|x64.ActiveCfg = RelWithDebInfo|x64
		{773B50D1-1A36-3345-9CCB-61B7EC765392}.RelWithDebInfo|x64.Build.0 = RelWithDebInfo|x64
		{68BD2084-3A2F-3CE5-B733-1CA183FCB210}.Debug|x64.ActiveCfg = Debug|x64
		{68BD2084-3A2F-3CE5-B733-1CA183FCB210}.Debug|x64.Build.0 = Debug|x64
		{68BD2084-3A2F-3CE5-B733-1CA183FCB210}.Release|x64.ActiveCfg = Release|x64
		{68BD2084-3A2F-3CE5-B733-1CA183FCB210}.Release|x64.Build.0 = Release|x64
		{68BD2084-3A2F-3CE5-B733-1CA183FCB210}.MinSizeRel|x64.ActiveCfg = MinSizeRel|x64
		{68BD2084-3A2F-3CE5-B733-1CA183FCB210}.MinSizeRel|x64.Build.0 = MinSizeRel|x64
		{68BD2084-3A2F-3CE5-B733-1CA183FCB210}.RelWithDebInfo|x64.ActiveCfg = RelWithDebInfo|x64
		{68BD2084-3A2F-3CE5-B733-1CA183FCB210}.RelWithDebInfo|x64.Build.0 = RelWithDebInfo|x64
	EndGlobalSection
	GlobalSection(ExtensibilityGlobals) = postSolution
		SolutionGuid = {7056B017-FC38-3C4A-8BC5-102905577076}
	EndGlobalSection
	GlobalSection(ExtensibilityAddIns) = postSolution
	EndGlobalSection
EndGlobal
